// !$*UTF8*$!
{
	archiveVersion = 1;
	classes = {
	};
	objectVersion = 50;
	objects = {

/* Begin PBXBuildFile section */
		4F865A49AA83914B0487F58B /* Pods_Richtirement.framework in Frameworks */ = {isa = PBXBuildFile; fileRef = EC407BF6273F120FA92AE8A7 /* Pods_Richtirement.framework */; };
		89091F1C224A0374004C4212 /* IncomeViewController.swift in Sources */ = {isa = PBXBuildFile; fileRef = 89091F1B224A0374004C4212 /* IncomeViewController.swift */; };
		8926FD46223E00A20065CDC3 /* Income.storyboard in Resources */ = {isa = PBXBuildFile; fileRef = 8926FD45223E00A20065CDC3 /* Income.storyboard */; };
		8926FD48223E03790065CDC3 /* Asset.storyboard in Resources */ = {isa = PBXBuildFile; fileRef = 8926FD47223E03790065CDC3 /* Asset.storyboard */; };
		8926FD4A223E0E310065CDC3 /* Analysis.storyboard in Resources */ = {isa = PBXBuildFile; fileRef = 8926FD49223E0E310065CDC3 /* Analysis.storyboard */; };
		8926FD4C223E198D0065CDC3 /* Setting.swift in Sources */ = {isa = PBXBuildFile; fileRef = 8926FD4B223E198D0065CDC3 /* Setting.swift */; };
		89404FAB223E21AC005D44AC /* Story.swift in Sources */ = {isa = PBXBuildFile; fileRef = 89404FAA223E21AC005D44AC /* Story.swift */; };
		89404FAE223E3302005D44AC /* event.json in Resources */ = {isa = PBXBuildFile; fileRef = 89404FAD223E3302005D44AC /* event.json */; };
		89404FB0223E3316005D44AC /* choice.json in Resources */ = {isa = PBXBuildFile; fileRef = 89404FAF223E3316005D44AC /* choice.json */; };
		89404FB2223E3323005D44AC /* result.json in Resources */ = {isa = PBXBuildFile; fileRef = 89404FB1223E3323005D44AC /* result.json */; };
		89404FB4223E3354005D44AC /* question.json in Resources */ = {isa = PBXBuildFile; fileRef = 89404FB3223E3354005D44AC /* question.json */; };
		89411657223D01C1007D8E55 /* RecordSelect.storyboard in Resources */ = {isa = PBXBuildFile; fileRef = 89411656223D01C1007D8E55 /* RecordSelect.storyboard */; };
		89411659223D0758007D8E55 /* RecordSelectViewController.swift in Sources */ = {isa = PBXBuildFile; fileRef = 89411658223D0758007D8E55 /* RecordSelectViewController.swift */; };
		8941165B223D3F93007D8E55 /* MainGame.storyboard in Resources */ = {isa = PBXBuildFile; fileRef = 8941165A223D3F93007D8E55 /* MainGame.storyboard */; };
		8941165D223D3FB3007D8E55 /* MainGameView1Controller.swift in Sources */ = {isa = PBXBuildFile; fileRef = 8941165C223D3FB3007D8E55 /* MainGameView1Controller.swift */; };
		8941165F223D5BDC007D8E55 /* PersonalChapterViewController.swift in Sources */ = {isa = PBXBuildFile; fileRef = 8941165E223D5BDC007D8E55 /* PersonalChapterViewController.swift */; };
		89411661223D5C02007D8E55 /* MainGameView2Controller.swift in Sources */ = {isa = PBXBuildFile; fileRef = 89411660223D5C02007D8E55 /* MainGameView2Controller.swift */; };
		89668FA0222D807C004D2394 /* AppDelegate.swift in Sources */ = {isa = PBXBuildFile; fileRef = 89668F9F222D807C004D2394 /* AppDelegate.swift */; };
		89668FA2222D807C004D2394 /* MainViewController.swift in Sources */ = {isa = PBXBuildFile; fileRef = 89668FA1222D807C004D2394 /* MainViewController.swift */; };
		89668FA5222D807C004D2394 /* Main.storyboard in Resources */ = {isa = PBXBuildFile; fileRef = 89668FA3222D807C004D2394 /* Main.storyboard */; };
		89668FA7222D807E004D2394 /* Assets.xcassets in Resources */ = {isa = PBXBuildFile; fileRef = 89668FA6222D807E004D2394 /* Assets.xcassets */; };
		89668FAA222D807E004D2394 /* LaunchScreen.storyboard in Resources */ = {isa = PBXBuildFile; fileRef = 89668FA8222D807E004D2394 /* LaunchScreen.storyboard */; };
		897BD32B224B17AB0064B545 /* AssetViewController.swift in Sources */ = {isa = PBXBuildFile; fileRef = 897BD32A224B17AB0064B545 /* AssetViewController.swift */; };
		897BD32D224B1A4D0064B545 /* AssetConfirmViewController.swift in Sources */ = {isa = PBXBuildFile; fileRef = 897BD32C224B1A4D0064B545 /* AssetConfirmViewController.swift */; };
		897BD32F224B36720064B545 /* AnalysisViewController.swift in Sources */ = {isa = PBXBuildFile; fileRef = 897BD32E224B36720064B545 /* AnalysisViewController.swift */; };
		89BA07E72236A992007B4A6F /* NotoSansCJKtc-Bold.otf in Resources */ = {isa = PBXBuildFile; fileRef = 89BA07E62236A992007B4A6F /* NotoSansCJKtc-Bold.otf */; };
		89BA07E92236ADEC007B4A6F /* NotoSansCJKtc-Regular.otf in Resources */ = {isa = PBXBuildFile; fileRef = 89BA07E82236ADEC007B4A6F /* NotoSansCJKtc-Regular.otf */; };
		89BA07EB2236B10D007B4A6F /* NotoSansCJKtc-Medium.otf in Resources */ = {isa = PBXBuildFile; fileRef = 89BA07EA2236B10D007B4A6F /* NotoSansCJKtc-Medium.otf */; };
		89BA081422378839007B4A6F /* Setting.storyboard in Resources */ = {isa = PBXBuildFile; fileRef = 89BA081322378839007B4A6F /* Setting.storyboard */; };
		89BA0816223789BD007B4A6F /* SettingViewController.swift in Sources */ = {isa = PBXBuildFile; fileRef = 89BA0815223789BD007B4A6F /* SettingViewController.swift */; };
/* End PBXBuildFile section */

/* Begin PBXFileReference section */
		89091F1B224A0374004C4212 /* IncomeViewController.swift */ = {isa = PBXFileReference; lastKnownFileType = sourcecode.swift; path = IncomeViewController.swift; sourceTree = "<group>"; };
		8926FD45223E00A20065CDC3 /* Income.storyboard */ = {isa = PBXFileReference; lastKnownFileType = file.storyboard; path = Income.storyboard; sourceTree = "<group>"; };
		8926FD47223E03790065CDC3 /* Asset.storyboard */ = {isa = PBXFileReference; lastKnownFileType = file.storyboard; path = Asset.storyboard; sourceTree = "<group>"; };
		8926FD49223E0E310065CDC3 /* Analysis.storyboard */ = {isa = PBXFileReference; lastKnownFileType = file.storyboard; path = Analysis.storyboard; sourceTree = "<group>"; };
		8926FD4B223E198D0065CDC3 /* Setting.swift */ = {isa = PBXFileReference; lastKnownFileType = sourcecode.swift; path = Setting.swift; sourceTree = "<group>"; };
		89404FAA223E21AC005D44AC /* Story.swift */ = {isa = PBXFileReference; lastKnownFileType = sourcecode.swift; path = Story.swift; sourceTree = "<group>"; };
		89404FAD223E3302005D44AC /* event.json */ = {isa = PBXFileReference; lastKnownFileType = text.json; path = event.json; sourceTree = "<group>"; };
		89404FAF223E3316005D44AC /* choice.json */ = {isa = PBXFileReference; lastKnownFileType = text.json; path = choice.json; sourceTree = "<group>"; };
		89404FB1223E3323005D44AC /* result.json */ = {isa = PBXFileReference; lastKnownFileType = text.json; path = result.json; sourceTree = "<group>"; };
		89404FB3223E3354005D44AC /* question.json */ = {isa = PBXFileReference; lastKnownFileType = text.json; path = question.json; sourceTree = "<group>"; };
		89411656223D01C1007D8E55 /* RecordSelect.storyboard */ = {isa = PBXFileReference; lastKnownFileType = file.storyboard; path = RecordSelect.storyboard; sourceTree = "<group>"; };
		89411658223D0758007D8E55 /* RecordSelectViewController.swift */ = {isa = PBXFileReference; lastKnownFileType = sourcecode.swift; path = RecordSelectViewController.swift; sourceTree = "<group>"; };
		8941165A223D3F93007D8E55 /* MainGame.storyboard */ = {isa = PBXFileReference; lastKnownFileType = file.storyboard; path = MainGame.storyboard; sourceTree = "<group>"; };
		8941165C223D3FB3007D8E55 /* MainGameView1Controller.swift */ = {isa = PBXFileReference; lastKnownFileType = sourcecode.swift; path = MainGameView1Controller.swift; sourceTree = "<group>"; };
		8941165E223D5BDC007D8E55 /* PersonalChapterViewController.swift */ = {isa = PBXFileReference; lastKnownFileType = sourcecode.swift; path = PersonalChapterViewController.swift; sourceTree = "<group>"; };
		89411660223D5C02007D8E55 /* MainGameView2Controller.swift */ = {isa = PBXFileReference; lastKnownFileType = sourcecode.swift; path = MainGameView2Controller.swift; sourceTree = "<group>"; };
		89668F9C222D807C004D2394 /* Richtirement.app */ = {isa = PBXFileReference; explicitFileType = wrapper.application; includeInIndex = 0; path = Richtirement.app; sourceTree = BUILT_PRODUCTS_DIR; };
		89668F9F222D807C004D2394 /* AppDelegate.swift */ = {isa = PBXFileReference; lastKnownFileType = sourcecode.swift; path = AppDelegate.swift; sourceTree = "<group>"; };
		89668FA1222D807C004D2394 /* MainViewController.swift */ = {isa = PBXFileReference; lastKnownFileType = sourcecode.swift; path = MainViewController.swift; sourceTree = "<group>"; };
		89668FA4222D807C004D2394 /* Base */ = {isa = PBXFileReference; lastKnownFileType = file.storyboard; name = Base; path = Base.lproj/Main.storyboard; sourceTree = "<group>"; };
		89668FA6222D807E004D2394 /* Assets.xcassets */ = {isa = PBXFileReference; lastKnownFileType = folder.assetcatalog; path = Assets.xcassets; sourceTree = "<group>"; };
		89668FA9222D807E004D2394 /* Base */ = {isa = PBXFileReference; lastKnownFileType = file.storyboard; name = Base; path = Base.lproj/LaunchScreen.storyboard; sourceTree = "<group>"; };
		89668FAB222D807E004D2394 /* Info.plist */ = {isa = PBXFileReference; lastKnownFileType = text.plist.xml; path = Info.plist; sourceTree = "<group>"; };
		897BD32A224B17AB0064B545 /* AssetViewController.swift */ = {isa = PBXFileReference; lastKnownFileType = sourcecode.swift; path = AssetViewController.swift; sourceTree = "<group>"; };
		897BD32C224B1A4D0064B545 /* AssetConfirmViewController.swift */ = {isa = PBXFileReference; lastKnownFileType = sourcecode.swift; path = AssetConfirmViewController.swift; sourceTree = "<group>"; };
		897BD32E224B36720064B545 /* AnalysisViewController.swift */ = {isa = PBXFileReference; lastKnownFileType = sourcecode.swift; path = AnalysisViewController.swift; sourceTree = "<group>"; };
		89BA07E62236A992007B4A6F /* NotoSansCJKtc-Bold.otf */ = {isa = PBXFileReference; lastKnownFileType = file; path = "NotoSansCJKtc-Bold.otf"; sourceTree = "<group>"; };
		89BA07E82236ADEC007B4A6F /* NotoSansCJKtc-Regular.otf */ = {isa = PBXFileReference; lastKnownFileType = file; path = "NotoSansCJKtc-Regular.otf"; sourceTree = "<group>"; };
		89BA07EA2236B10D007B4A6F /* NotoSansCJKtc-Medium.otf */ = {isa = PBXFileReference; lastKnownFileType = file; path = "NotoSansCJKtc-Medium.otf"; sourceTree = "<group>"; };
		89BA081322378839007B4A6F /* Setting.storyboard */ = {isa = PBXFileReference; lastKnownFileType = file.storyboard; path = Setting.storyboard; sourceTree = "<group>"; };
		89BA0815223789BD007B4A6F /* SettingViewController.swift */ = {isa = PBXFileReference; lastKnownFileType = sourcecode.swift; path = SettingViewController.swift; sourceTree = "<group>"; };
		C17385EDC1A885C0C9B8B8FA /* Pods-Richtirement.release.xcconfig */ = {isa = PBXFileReference; includeInIndex = 1; lastKnownFileType = text.xcconfig; name = "Pods-Richtirement.release.xcconfig"; path = "Pods/Target Support Files/Pods-Richtirement/Pods-Richtirement.release.xcconfig"; sourceTree = "<group>"; };
		C5A375F46DE23033574AD001 /* Pods-Richtirement.debug.xcconfig */ = {isa = PBXFileReference; includeInIndex = 1; lastKnownFileType = text.xcconfig; name = "Pods-Richtirement.debug.xcconfig"; path = "Pods/Target Support Files/Pods-Richtirement/Pods-Richtirement.debug.xcconfig"; sourceTree = "<group>"; };
		EC407BF6273F120FA92AE8A7 /* Pods_Richtirement.framework */ = {isa = PBXFileReference; explicitFileType = wrapper.framework; includeInIndex = 0; path = Pods_Richtirement.framework; sourceTree = BUILT_PRODUCTS_DIR; };
/* End PBXFileReference section */

/* Begin PBXFrameworksBuildPhase section */
		89668F99222D807C004D2394 /* Frameworks */ = {
			isa = PBXFrameworksBuildPhase;
			buildActionMask = 2147483647;
			files = (
				4F865A49AA83914B0487F58B /* Pods_Richtirement.framework in Frameworks */,
			);
			runOnlyForDeploymentPostprocessing = 0;
		};
/* End PBXFrameworksBuildPhase section */

/* Begin PBXGroup section */
		89404FAC223E32DE005D44AC /* Story */ = {
			isa = PBXGroup;
			children = (
				89404FAD223E3302005D44AC /* event.json */,
				89404FB3223E3354005D44AC /* question.json */,
				89404FAF223E3316005D44AC /* choice.json */,
				89404FB1223E3323005D44AC /* result.json */,
			);
			path = Story;
			sourceTree = "<group>";
		};
		89668F93222D807C004D2394 = {
			isa = PBXGroup;
			children = (
				89668F9E222D807C004D2394 /* Richtirement */,
				89668F9D222D807C004D2394 /* Products */,
				F72F011D78FD3545ADC4E527 /* Pods */,
				91A0FAFD37FE937153214901 /* Frameworks */,
			);
			sourceTree = "<group>";
		};
		89668F9D222D807C004D2394 /* Products */ = {
			isa = PBXGroup;
			children = (
				89668F9C222D807C004D2394 /* Richtirement.app */,
			);
			name = Products;
			sourceTree = "<group>";
		};
		89668F9E222D807C004D2394 /* Richtirement */ = {
			isa = PBXGroup;
			children = (
				89668F9F222D807C004D2394 /* AppDelegate.swift */,
				89BA07EC2236B8CE007B4A6F /* Model */,
				89BA07ED2236B8DF007B4A6F /* View */,
				89BA07EE2236B8E4007B4A6F /* Controller */,
				89668FA6222D807E004D2394 /* Assets.xcassets */,
				89BA07E52236A690007B4A6F /* Font */,
				89668FAB222D807E004D2394 /* Info.plist */,
			);
			path = Richtirement;
			sourceTree = "<group>";
		};
		89BA07E52236A690007B4A6F /* Font */ = {
			isa = PBXGroup;
			children = (
				89BA07E62236A992007B4A6F /* NotoSansCJKtc-Bold.otf */,
				89BA07EA2236B10D007B4A6F /* NotoSansCJKtc-Medium.otf */,
				89BA07E82236ADEC007B4A6F /* NotoSansCJKtc-Regular.otf */,
			);
			path = Font;
			sourceTree = "<group>";
		};
		89BA07EC2236B8CE007B4A6F /* Model */ = {
			isa = PBXGroup;
			children = (
				89404FAC223E32DE005D44AC /* Story */,
				89404FAA223E21AC005D44AC /* Story.swift */,
				8926FD4B223E198D0065CDC3 /* Setting.swift */,
			);
			path = Model;
			sourceTree = "<group>";
		};
		89BA07ED2236B8DF007B4A6F /* View */ = {
			isa = PBXGroup;
			children = (
				89BA081F22378F97007B4A6F /* MyUIKit */,
				89668FA8222D807E004D2394 /* LaunchScreen.storyboard */,
				89668FA3222D807C004D2394 /* Main.storyboard */,
				89BA081322378839007B4A6F /* Setting.storyboard */,
				89411656223D01C1007D8E55 /* RecordSelect.storyboard */,
				8941165A223D3F93007D8E55 /* MainGame.storyboard */,
				8926FD45223E00A20065CDC3 /* Income.storyboard */,
				8926FD47223E03790065CDC3 /* Asset.storyboard */,
				8926FD49223E0E310065CDC3 /* Analysis.storyboard */,
			);
			path = View;
			sourceTree = "<group>";
		};
		89BA07EE2236B8E4007B4A6F /* Controller */ = {
			isa = PBXGroup;
			children = (
				89668FA1222D807C004D2394 /* MainViewController.swift */,
				89BA0815223789BD007B4A6F /* SettingViewController.swift */,
				89411658223D0758007D8E55 /* RecordSelectViewController.swift */,
				8941165E223D5BDC007D8E55 /* PersonalChapterViewController.swift */,
				8941165C223D3FB3007D8E55 /* MainGameView1Controller.swift */,
				89411660223D5C02007D8E55 /* MainGameView2Controller.swift */,
				89091F1B224A0374004C4212 /* IncomeViewController.swift */,
				897BD32A224B17AB0064B545 /* AssetViewController.swift */,
				897BD32C224B1A4D0064B545 /* AssetConfirmViewController.swift */,
				897BD32E224B36720064B545 /* AnalysisViewController.swift */,
			);
			path = Controller;
			sourceTree = "<group>";
		};
		89BA081F22378F97007B4A6F /* MyUIKit */ = {
			isa = PBXGroup;
			children = (
			);
			path = MyUIKit;
			sourceTree = "<group>";
		};
		91A0FAFD37FE937153214901 /* Frameworks */ = {
			isa = PBXGroup;
			children = (
				EC407BF6273F120FA92AE8A7 /* Pods_Richtirement.framework */,
			);
			name = Frameworks;
			sourceTree = "<group>";
		};
		F72F011D78FD3545ADC4E527 /* Pods */ = {
			isa = PBXGroup;
			children = (
				C5A375F46DE23033574AD001 /* Pods-Richtirement.debug.xcconfig */,
				C17385EDC1A885C0C9B8B8FA /* Pods-Richtirement.release.xcconfig */,
			);
			name = Pods;
			sourceTree = "<group>";
		};
/* End PBXGroup section */

/* Begin PBXNativeTarget section */
		89668F9B222D807C004D2394 /* Richtirement */ = {
			isa = PBXNativeTarget;
			buildConfigurationList = 89668FAE222D807E004D2394 /* Build configuration list for PBXNativeTarget "Richtirement" */;
			buildPhases = (
				1D7613E39D9AFEC5028BD8A7 /* [CP] Check Pods Manifest.lock */,
				89668F98222D807C004D2394 /* Sources */,
				89668F99222D807C004D2394 /* Frameworks */,
				89668F9A222D807C004D2394 /* Resources */,
				CA69BE6CA16D35F28E34FBD0 /* [CP] Embed Pods Frameworks */,
			);
			buildRules = (
			);
			dependencies = (
			);
			name = Richtirement;
			productName = Richtirement;
			productReference = 89668F9C222D807C004D2394 /* Richtirement.app */;
			productType = "com.apple.product-type.application";
		};
/* End PBXNativeTarget section */

/* Begin PBXProject section */
		89668F94222D807C004D2394 /* Project object */ = {
			isa = PBXProject;
			attributes = {
				LastSwiftUpdateCheck = 1010;
				LastUpgradeCheck = 1010;
				ORGANIZATIONNAME = "陳祐丞";
				TargetAttributes = {
					89668F9B222D807C004D2394 = {
						CreatedOnToolsVersion = 10.1;
					};
				};
			};
			buildConfigurationList = 89668F97222D807C004D2394 /* Build configuration list for PBXProject "Richtirement" */;
			compatibilityVersion = "Xcode 9.3";
			developmentRegion = en;
			hasScannedForEncodings = 0;
			knownRegions = (
				en,
				Base,
			);
			mainGroup = 89668F93222D807C004D2394;
			productRefGroup = 89668F9D222D807C004D2394 /* Products */;
			projectDirPath = "";
			projectRoot = "";
			targets = (
				89668F9B222D807C004D2394 /* Richtirement */,
			);
		};
/* End PBXProject section */

/* Begin PBXResourcesBuildPhase section */
		89668F9A222D807C004D2394 /* Resources */ = {
			isa = PBXResourcesBuildPhase;
			buildActionMask = 2147483647;
			files = (
				89668FAA222D807E004D2394 /* LaunchScreen.storyboard in Resources */,
				89668FA7222D807E004D2394 /* Assets.xcassets in Resources */,
				89404FB0223E3316005D44AC /* choice.json in Resources */,
				8926FD4A223E0E310065CDC3 /* Analysis.storyboard in Resources */,
				89668FA5222D807C004D2394 /* Main.storyboard in Resources */,
				8926FD46223E00A20065CDC3 /* Income.storyboard in Resources */,
				89BA07EB2236B10D007B4A6F /* NotoSansCJKtc-Medium.otf in Resources */,
				89BA07E72236A992007B4A6F /* NotoSansCJKtc-Bold.otf in Resources */,
				8926FD48223E03790065CDC3 /* Asset.storyboard in Resources */,
				8941165B223D3F93007D8E55 /* MainGame.storyboard in Resources */,
				89404FB2223E3323005D44AC /* result.json in Resources */,
				89411657223D01C1007D8E55 /* RecordSelect.storyboard in Resources */,
				89404FAE223E3302005D44AC /* event.json in Resources */,
				89404FB4223E3354005D44AC /* question.json in Resources */,
				89BA07E92236ADEC007B4A6F /* NotoSansCJKtc-Regular.otf in Resources */,
				89BA081422378839007B4A6F /* Setting.storyboard in Resources */,
			);
			runOnlyForDeploymentPostprocessing = 0;
		};
/* End PBXResourcesBuildPhase section */

/* Begin PBXShellScriptBuildPhase section */
		1D7613E39D9AFEC5028BD8A7 /* [CP] Check Pods Manifest.lock */ = {
			isa = PBXShellScriptBuildPhase;
			buildActionMask = 2147483647;
			files = (
			);
			inputFileListPaths = (
			);
			inputPaths = (
				"${PODS_PODFILE_DIR_PATH}/Podfile.lock",
				"${PODS_ROOT}/Manifest.lock",
			);
			name = "[CP] Check Pods Manifest.lock";
			outputFileListPaths = (
			);
			outputPaths = (
				"$(DERIVED_FILE_DIR)/Pods-Richtirement-checkManifestLockResult.txt",
			);
			runOnlyForDeploymentPostprocessing = 0;
			shellPath = /bin/sh;
			shellScript = "diff \"${PODS_PODFILE_DIR_PATH}/Podfile.lock\" \"${PODS_ROOT}/Manifest.lock\" > /dev/null\nif [ $? != 0 ] ; then\n    # print error to STDERR\n    echo \"error: The sandbox is not in sync with the Podfile.lock. Run 'pod install' or update your CocoaPods installation.\" >&2\n    exit 1\nfi\n# This output is used by Xcode 'outputs' to avoid re-running this script phase.\necho \"SUCCESS\" > \"${SCRIPT_OUTPUT_FILE_0}\"\n";
			showEnvVarsInLog = 0;
		};
		CA69BE6CA16D35F28E34FBD0 /* [CP] Embed Pods Frameworks */ = {
			isa = PBXShellScriptBuildPhase;
			buildActionMask = 2147483647;
			files = (
			);
			inputFileListPaths = (
			);
			inputPaths = (
				"${PODS_ROOT}/Target Support Files/Pods-Richtirement/Pods-Richtirement-frameworks.sh",
				"${BUILT_PRODUCTS_DIR}/Charts/Charts.framework",
			);
			name = "[CP] Embed Pods Frameworks";
			outputFileListPaths = (
			);
			outputPaths = (
				"${TARGET_BUILD_DIR}/${FRAMEWORKS_FOLDER_PATH}/Charts.framework",
			);
			runOnlyForDeploymentPostprocessing = 0;
			shellPath = /bin/sh;
			shellScript = "\"${PODS_ROOT}/Target Support Files/Pods-Richtirement/Pods-Richtirement-frameworks.sh\"\n";
			showEnvVarsInLog = 0;
		};
/* End PBXShellScriptBuildPhase section */

/* Begin PBXSourcesBuildPhase section */
		89668F98222D807C004D2394 /* Sources */ = {
			isa = PBXSourcesBuildPhase;
			buildActionMask = 2147483647;
			files = (
				89091F1C224A0374004C4212 /* IncomeViewController.swift in Sources */,
				89411661223D5C02007D8E55 /* MainGameView2Controller.swift in Sources */,
				897BD32D224B1A4D0064B545 /* AssetConfirmViewController.swift in Sources */,
				89BA0816223789BD007B4A6F /* SettingViewController.swift in Sources */,
				89668FA2222D807C004D2394 /* MainViewController.swift in Sources */,
				8941165D223D3FB3007D8E55 /* MainGameView1Controller.swift in Sources */,
				8926FD4C223E198D0065CDC3 /* Setting.swift in Sources */,
				897BD32B224B17AB0064B545 /* AssetViewController.swift in Sources */,
				89668FA0222D807C004D2394 /* AppDelegate.swift in Sources */,
				897BD32F224B36720064B545 /* AnalysisViewController.swift in Sources */,
				8941165F223D5BDC007D8E55 /* PersonalChapterViewController.swift in Sources */,
				89411659223D0758007D8E55 /* RecordSelectViewController.swift in Sources */,
				89404FAB223E21AC005D44AC /* Story.swift in Sources */,
			);
			runOnlyForDeploymentPostprocessing = 0;
		};
/* End PBXSourcesBuildPhase section */

/* Begin PBXVariantGroup section */
		89668FA3222D807C004D2394 /* Main.storyboard */ = {
			isa = PBXVariantGroup;
			children = (
				89668FA4222D807C004D2394 /* Base */,
			);
			name = Main.storyboard;
			sourceTree = "<group>";
		};
		89668FA8222D807E004D2394 /* LaunchScreen.storyboard */ = {
			isa = PBXVariantGroup;
			children = (
				89668FA9222D807E004D2394 /* Base */,
			);
			name = LaunchScreen.storyboard;
			sourceTree = "<group>";
		};
/* End PBXVariantGroup section */

/* Begin XCBuildConfiguration section */
		89668FAC222D807E004D2394 /* Debug */ = {
			isa = XCBuildConfiguration;
			buildSettings = {
				ALWAYS_SEARCH_USER_PATHS = NO;
				CLANG_ANALYZER_NONNULL = YES;
				CLANG_ANALYZER_NUMBER_OBJECT_CONVERSION = YES_AGGRESSIVE;
				CLANG_CXX_LANGUAGE_STANDARD = "gnu++14";
				CLANG_CXX_LIBRARY = "libc++";
				CLANG_ENABLE_MODULES = YES;
				CLANG_ENABLE_OBJC_ARC = YES;
				CLANG_ENABLE_OBJC_WEAK = YES;
				CLANG_WARN_BLOCK_CAPTURE_AUTORELEASING = YES;
				CLANG_WARN_BOOL_CONVERSION = YES;
				CLANG_WARN_COMMA = YES;
				CLANG_WARN_CONSTANT_CONVERSION = YES;
				CLANG_WARN_DEPRECATED_OBJC_IMPLEMENTATIONS = YES;
				CLANG_WARN_DIRECT_OBJC_ISA_USAGE = YES_ERROR;
				CLANG_WARN_DOCUMENTATION_COMMENTS = YES;
				CLANG_WARN_EMPTY_BODY = YES;
				CLANG_WARN_ENUM_CONVERSION = YES;
				CLANG_WARN_INFINITE_RECURSION = YES;
				CLANG_WARN_INT_CONVERSION = YES;
				CLANG_WARN_NON_LITERAL_NULL_CONVERSION = YES;
				CLANG_WARN_OBJC_IMPLICIT_RETAIN_SELF = YES;
				CLANG_WARN_OBJC_LITERAL_CONVERSION = YES;
				CLANG_WARN_OBJC_ROOT_CLASS = YES_ERROR;
				CLANG_WARN_RANGE_LOOP_ANALYSIS = YES;
				CLANG_WARN_STRICT_PROTOTYPES = YES;
				CLANG_WARN_SUSPICIOUS_MOVE = YES;
				CLANG_WARN_UNGUARDED_AVAILABILITY = YES_AGGRESSIVE;
				CLANG_WARN_UNREACHABLE_CODE = YES;
				CLANG_WARN__DUPLICATE_METHOD_MATCH = YES;
				CODE_SIGN_IDENTITY = "iPhone Developer";
				COPY_PHASE_STRIP = NO;
				DEBUG_INFORMATION_FORMAT = dwarf;
				ENABLE_STRICT_OBJC_MSGSEND = YES;
				ENABLE_TESTABILITY = YES;
				GCC_C_LANGUAGE_STANDARD = gnu11;
				GCC_DYNAMIC_NO_PIC = NO;
				GCC_NO_COMMON_BLOCKS = YES;
				GCC_OPTIMIZATION_LEVEL = 0;
				GCC_PREPROCESSOR_DEFINITIONS = (
					"DEBUG=1",
					"$(inherited)",
				);
				GCC_WARN_64_TO_32_BIT_CONVERSION = YES;
				GCC_WARN_ABOUT_RETURN_TYPE = YES_ERROR;
				GCC_WARN_UNDECLARED_SELECTOR = YES;
				GCC_WARN_UNINITIALIZED_AUTOS = YES_AGGRESSIVE;
				GCC_WARN_UNUSED_FUNCTION = YES;
				GCC_WARN_UNUSED_VARIABLE = YES;
				IPHONEOS_DEPLOYMENT_TARGET = 12.1;
				MTL_ENABLE_DEBUG_INFO = INCLUDE_SOURCE;
				MTL_FAST_MATH = YES;
				ONLY_ACTIVE_ARCH = YES;
				SDKROOT = iphoneos;
				SWIFT_ACTIVE_COMPILATION_CONDITIONS = DEBUG;
				SWIFT_OPTIMIZATION_LEVEL = "-Onone";
			};
			name = Debug;
		};
		89668FAD222D807E004D2394 /* Release */ = {
			isa = XCBuildConfiguration;
			buildSettings = {
				ALWAYS_SEARCH_USER_PATHS = NO;
				CLANG_ANALYZER_NONNULL = YES;
				CLANG_ANALYZER_NUMBER_OBJECT_CONVERSION = YES_AGGRESSIVE;
				CLANG_CXX_LANGUAGE_STANDARD = "gnu++14";
				CLANG_CXX_LIBRARY = "libc++";
				CLANG_ENABLE_MODULES = YES;
				CLANG_ENABLE_OBJC_ARC = YES;
				CLANG_ENABLE_OBJC_WEAK = YES;
				CLANG_WARN_BLOCK_CAPTURE_AUTORELEASING = YES;
				CLANG_WARN_BOOL_CONVERSION = YES;
				CLANG_WARN_COMMA = YES;
				CLANG_WARN_CONSTANT_CONVERSION = YES;
				CLANG_WARN_DEPRECATED_OBJC_IMPLEMENTATIONS = YES;
				CLANG_WARN_DIRECT_OBJC_ISA_USAGE = YES_ERROR;
				CLANG_WARN_DOCUMENTATION_COMMENTS = YES;
				CLANG_WARN_EMPTY_BODY = YES;
				CLANG_WARN_ENUM_CONVERSION = YES;
				CLANG_WARN_INFINITE_RECURSION = YES;
				CLANG_WARN_INT_CONVERSION = YES;
				CLANG_WARN_NON_LITERAL_NULL_CONVERSION = YES;
				CLANG_WARN_OBJC_IMPLICIT_RETAIN_SELF = YES;
				CLANG_WARN_OBJC_LITERAL_CONVERSION = YES;
				CLANG_WARN_OBJC_ROOT_CLASS = YES_ERROR;
				CLANG_WARN_RANGE_LOOP_ANALYSIS = YES;
				CLANG_WARN_STRICT_PROTOTYPES = YES;
				CLANG_WARN_SUSPICIOUS_MOVE = YES;
				CLANG_WARN_UNGUARDED_AVAILABILITY = YES_AGGRESSIVE;
				CLANG_WARN_UNREACHABLE_CODE = YES;
				CLANG_WARN__DUPLICATE_METHOD_MATCH = YES;
				CODE_SIGN_IDENTITY = "iPhone Developer";
				COPY_PHASE_STRIP = NO;
				DEBUG_INFORMATION_FORMAT = "dwarf-with-dsym";
				ENABLE_NS_ASSERTIONS = NO;
				ENABLE_STRICT_OBJC_MSGSEND = YES;
				GCC_C_LANGUAGE_STANDARD = gnu11;
				GCC_NO_COMMON_BLOCKS = YES;
				GCC_WARN_64_TO_32_BIT_CONVERSION = YES;
				GCC_WARN_ABOUT_RETURN_TYPE = YES_ERROR;
				GCC_WARN_UNDECLARED_SELECTOR = YES;
				GCC_WARN_UNINITIALIZED_AUTOS = YES_AGGRESSIVE;
				GCC_WARN_UNUSED_FUNCTION = YES;
				GCC_WARN_UNUSED_VARIABLE = YES;
				IPHONEOS_DEPLOYMENT_TARGET = 12.1;
				MTL_ENABLE_DEBUG_INFO = NO;
				MTL_FAST_MATH = YES;
				SDKROOT = iphoneos;
				SWIFT_COMPILATION_MODE = wholemodule;
				SWIFT_OPTIMIZATION_LEVEL = "-O";
				VALIDATE_PRODUCT = YES;
			};
			name = Release;
		};
		89668FAF222D807E004D2394 /* Debug */ = {
			isa = XCBuildConfiguration;
			baseConfigurationReference = C5A375F46DE23033574AD001 /* Pods-Richtirement.debug.xcconfig */;
			buildSettings = {
				ASSETCATALOG_COMPILER_APPICON_NAME = AppIcon;
				CODE_SIGN_STYLE = Automatic;
				DEVELOPMENT_TEAM = NN4CKR5MT6;
				INFOPLIST_FILE = Richtirement/Info.plist;
				IPHONEOS_DEPLOYMENT_TARGET = 10.0;
				LD_RUNPATH_SEARCH_PATHS = (
					"$(inherited)",
					"@executable_path/Frameworks",
				);
				PRODUCT_BUNDLE_IDENTIFIER = com.bamdart.Richtirement;
				PRODUCT_NAME = "$(TARGET_NAME)";
				SWIFT_VERSION = 4.2;
				TARGETED_DEVICE_FAMILY = 1;
			};
			name = Debug;
		};
		89668FB0222D807E004D2394 /* Release */ = {
			isa = XCBuildConfiguration;
			baseConfigurationReference = C17385EDC1A885C0C9B8B8FA /* Pods-Richtirement.release.xcconfig */;
			buildSettings = {
				ASSETCATALOG_COMPILER_APPICON_NAME = AppIcon;
				CODE_SIGN_STYLE = Automatic;
				DEVELOPMENT_TEAM = NN4CKR5MT6;
				INFOPLIST_FILE = Richtirement/Info.plist;
				IPHONEOS_DEPLOYMENT_TARGET = 10.0;
				LD_RUNPATH_SEARCH_PATHS = (
					"$(inherited)",
					"@executable_path/Frameworks",
				);
				PRODUCT_BUNDLE_IDENTIFIER = com.bamdart.Richtirement;
				PRODUCT_NAME = "$(TARGET_NAME)";
				SWIFT_VERSION = 4.2;
				TARGETED_DEVICE_FAMILY = 1;
			};
			name = Release;
		};
/* End XCBuildConfiguration section */

/* Begin XCConfigurationList section */
		89668F97222D807C004D2394 /* Build configuration list for PBXProject "Richtirement" */ = {
			isa = XCConfigurationList;
			buildConfigurations = (
				89668FAC222D807E004D2394 /* Debug */,
				89668FAD222D807E004D2394 /* Release */,
			);
			defaultConfigurationIsVisible = 0;
			defaultConfigurationName = Release;
		};
		89668FAE222D807E004D2394 /* Build configuration list for PBXNativeTarget "Richtirement" */ = {
			isa = XCConfigurationList;
			buildConfigurations = (
				89668FAF222D807E004D2394 /* Debug */,
				89668FB0222D807E004D2394 /* Release */,
			);
			defaultConfigurationIsVisible = 0;
			defaultConfigurationName = Release;
		};
/* End XCConfigurationList section */
	};
	rootObject = 89668F94222D807C004D2394 /* Project object */;
}
